// !$*UTF8*$!
{
	archiveVersion = 1;
	classes = {
	};
	objectVersion = 50;
	objects = {

/* Begin PBXBuildFile section */
		151493BC2186039C00F66764 /* AppDelegate.swift in Sources */ = {isa = PBXBuildFile; fileRef = 151493BB2186039C00F66764 /* AppDelegate.swift */; };
		151493C12186039C00F66764 /* Main.storyboard in Resources */ = {isa = PBXBuildFile; fileRef = 151493BF2186039C00F66764 /* Main.storyboard */; };
		151493C32186039E00F66764 /* Assets.xcassets in Resources */ = {isa = PBXBuildFile; fileRef = 151493C22186039E00F66764 /* Assets.xcassets */; };
		151493C62186039E00F66764 /* LaunchScreen.storyboard in Resources */ = {isa = PBXBuildFile; fileRef = 151493C42186039E00F66764 /* LaunchScreen.storyboard */; };
		151493EA2186055700F66764 /* TableViewController.swift in Sources */ = {isa = PBXBuildFile; fileRef = 151493E92186055700F66764 /* TableViewController.swift */; };
		151493EC21860B7100F66764 /* ViewController.swift in Sources */ = {isa = PBXBuildFile; fileRef = 151493EB21860B7100F66764 /* ViewController.swift */; };
/* End PBXBuildFile section */

/* Begin PBXContainerItemProxy section */
		151493CD2186039E00F66764 /* PBXContainerItemProxy */ = {
			isa = PBXContainerItemProxy;
			containerPortal = 151493B02186039C00F66764 /* Project object */;
			proxyType = 1;
			remoteGlobalIDString = 151493B72186039C00F66764;
			remoteInfo = UINavigationController;
		};
		151493D82186039E00F66764 /* PBXContainerItemProxy */ = {
			isa = PBXContainerItemProxy;
			containerPortal = 151493B02186039C00F66764 /* Project object */;
			proxyType = 1;
			remoteGlobalIDString = 151493B72186039C00F66764;
			remoteInfo = UINavigationController;
		};
/* End PBXContainerItemProxy section */

/* Begin PBXFileReference section */
		151493B82186039C00F66764 /* UINavigationController.app */ = {isa = PBXFileReference; explicitFileType = wrapper.application; includeInIndex = 0; path = UINavigationController.app; sourceTree = BUILT_PRODUCTS_DIR; };
		151493BB2186039C00F66764 /* AppDelegate.swift */ = {isa = PBXFileReference; lastKnownFileType = sourcecode.swift; path = AppDelegate.swift; sourceTree = "<group>"; };
		151493C02186039C00F66764 /* Base */ = {isa = PBXFileReference; lastKnownFileType = file.storyboard; name = Base; path = Base.lproj/Main.storyboard; sourceTree = "<group>"; };
		151493C22186039E00F66764 /* Assets.xcassets */ = {isa = PBXFileReference; lastKnownFileType = folder.assetcatalog; path = Assets.xcassets; sourceTree = "<group>"; };
		151493C52186039E00F66764 /* Base */ = {isa = PBXFileReference; lastKnownFileType = file.storyboard; name = Base; path = Base.lproj/LaunchScreen.storyboard; sourceTree = "<group>"; };
		151493C72186039E00F66764 /* Info.plist */ = {isa = PBXFileReference; lastKnownFileType = text.plist.xml; path = Info.plist; sourceTree = "<group>"; };
		151493CC2186039E00F66764 /* UINavigationControllerTests.xctest */ = {isa = PBXFileReference; explicitFileType = wrapper.cfbundle; includeInIndex = 0; path = UINavigationControllerTests.xctest; sourceTree = BUILT_PRODUCTS_DIR; };
		151493D72186039E00F66764 /* UINavigationControllerUITests.xctest */ = {isa = PBXFileReference; explicitFileType = wrapper.cfbundle; includeInIndex = 0; path = UINavigationControllerUITests.xctest; sourceTree = BUILT_PRODUCTS_DIR; };
		151493E92186055700F66764 /* TableViewController.swift */ = {isa = PBXFileReference; lastKnownFileType = sourcecode.swift; path = TableViewController.swift; sourceTree = "<group>"; };
		151493EB21860B7100F66764 /* ViewController.swift */ = {isa = PBXFileReference; lastKnownFileType = sourcecode.swift; path = ViewController.swift; sourceTree = "<group>"; };
/* End PBXFileReference section */

/* Begin PBXFrameworksBuildPhase section */
		151493B52186039C00F66764 /* Frameworks */ = {
			isa = PBXFrameworksBuildPhase;
			buildActionMask = 2147483647;
			files = (
			);
			runOnlyForDeploymentPostprocessing = 0;
		};
		151493C92186039E00F66764 /* Frameworks */ = {
			isa = PBXFrameworksBuildPhase;
			buildActionMask = 2147483647;
			files = (
			);
			runOnlyForDeploymentPostprocessing = 0;
		};
		151493D42186039E00F66764 /* Frameworks */ = {
			isa = PBXFrameworksBuildPhase;
			buildActionMask = 2147483647;
			files = (
			);
			runOnlyForDeploymentPostprocessing = 0;
		};
/* End PBXFrameworksBuildPhase section */

/* Begin PBXGroup section */
		151493AF2186039C00F66764 = {
			isa = PBXGroup;
			children = (
				151493BA2186039C00F66764 /* UINavigationController */,
				151493B92186039C00F66764 /* Products */,
			);
			sourceTree = "<group>";
		};
		151493B92186039C00F66764 /* Products */ = {
			isa = PBXGroup;
			children = (
				151493B82186039C00F66764 /* UINavigationController.app */,
				151493CC2186039E00F66764 /* UINavigationControllerTests.xctest */,
				151493D72186039E00F66764 /* UINavigationControllerUITests.xctest */,
			);
			name = Products;
			sourceTree = "<group>";
		};
		151493BA2186039C00F66764 /* UINavigationController */ = {
			isa = PBXGroup;
			children = (
				151493BB2186039C00F66764 /* AppDelegate.swift */,
				151493E92186055700F66764 /* TableViewController.swift */,
				151493BF2186039C00F66764 /* Main.storyboard */,
				151493C22186039E00F66764 /* Assets.xcassets */,
				151493C42186039E00F66764 /* LaunchScreen.storyboard */,
				151493C72186039E00F66764 /* Info.plist */,
				151493EB21860B7100F66764 /* ViewController.swift */,
			);
			path = UINavigationController;
			sourceTree = "<group>";
		};
/* End PBXGroup section */

/* Begin PBXNativeTarget section */
		151493B72186039C00F66764 /* UINavigationController */ = {
			isa = PBXNativeTarget;
			buildConfigurationList = 151493E02186039E00F66764 /* Build configuration list for PBXNativeTarget "UINavigationController" */;
			buildPhases = (
				151493B42186039C00F66764 /* Sources */,
				151493B52186039C00F66764 /* Frameworks */,
				151493B62186039C00F66764 /* Resources */,
			);
			buildRules = (
			);
			dependencies = (
			);
			name = UINavigationController;
			productName = UINavigationController;
			productReference = 151493B82186039C00F66764 /* UINavigationController.app */;
			productType = "com.apple.product-type.application";
		};
		151493CB2186039E00F66764 /* UINavigationControllerTests */ = {
			isa = PBXNativeTarget;
			buildConfigurationList = 151493E32186039E00F66764 /* Build configuration list for PBXNativeTarget "UINavigationControllerTests" */;
			buildPhases = (
				151493C82186039E00F66764 /* Sources */,
				151493C92186039E00F66764 /* Frameworks */,
				151493CA2186039E00F66764 /* Resources */,
			);
			buildRules = (
			);
			dependencies = (
				151493CE2186039E00F66764 /* PBXTargetDependency */,
			);
			name = UINavigationControllerTests;
			productName = UINavigationControllerTests;
			productReference = 151493CC2186039E00F66764 /* UINavigationControllerTests.xctest */;
			productType = "com.apple.product-type.bundle.unit-test";
		};
		151493D62186039E00F66764 /* UINavigationControllerUITests */ = {
			isa = PBXNativeTarget;
			buildConfigurationList = 151493E62186039E00F66764 /* Build configuration list for PBXNativeTarget "UINavigationControllerUITests" */;
			buildPhases = (
				151493D32186039E00F66764 /* Sources */,
				151493D42186039E00F66764 /* Frameworks */,
				151493D52186039E00F66764 /* Resources */,
			);
			buildRules = (
			);
			dependencies = (
				151493D92186039E00F66764 /* PBXTargetDependency */,
			);
			name = UINavigationControllerUITests;
			productName = UINavigationControllerUITests;
			productReference = 151493D72186039E00F66764 /* UINavigationControllerUITests.xctest */;
			productType = "com.apple.product-type.bundle.ui-testing";
		};
/* End PBXNativeTarget section */

/* Begin PBXProject section */
		151493B02186039C00F66764 /* Project object */ = {
			isa = PBXProject;
			attributes = {
				LastSwiftUpdateCheck = 1000;
				LastUpgradeCheck = 1000;
				ORGANIZATIONNAME = "李维强";
				TargetAttributes = {
					151493B72186039C00F66764 = {
						CreatedOnToolsVersion = 10.0;
					};
					151493CB2186039E00F66764 = {
						CreatedOnToolsVersion = 10.0;
						TestTargetID = 151493B72186039C00F66764;
					};
					151493D62186039E00F66764 = {
						CreatedOnToolsVersion = 10.0;
						TestTargetID = 151493B72186039C00F66764;
					};
				};
			};
			buildConfigurationList = 151493B32186039C00F66764 /* Build configuration list for PBXProject "UINavigationController" */;
			compatibilityVersion = "Xcode 9.3";
			developmentRegion = en;
			hasScannedForEncodings = 0;
			knownRegions = (
				en,
				Base,
			);
			mainGroup = 151493AF2186039C00F66764;
			productRefGroup = 151493B92186039C00F66764 /* Products */;
			projectDirPath = "";
			projectRoot = "";
			targets = (
				151493B72186039C00F66764 /* UINavigationController */,
				151493CB2186039E00F66764 /* UINavigationControllerTests */,
				151493D62186039E00F66764 /* UINavigationControllerUITests */,
			);
		};
/* End PBXProject section */

/* Begin PBXResourcesBuildPhase section */
		151493B62186039C00F66764 /* Resources */ = {
			isa = PBXResourcesBuildPhase;
			buildActionMask = 2147483647;
			files = (
				151493C62186039E00F66764 /* LaunchScreen.storyboard in Resources */,
				151493C32186039E00F66764 /* Assets.xcassets in Resources */,
				151493C12186039C00F66764 /* Main.storyboard in Resources */,
			);
			runOnlyForDeploymentPostprocessing = 0;
		};
		151493CA2186039E00F66764 /* Resources */ = {
			isa = PBXResourcesBuildPhase;
			buildActionMask = 2147483647;
			files = (
			);
			runOnlyForDeploymentPostprocessing = 0;
		};
		151493D52186039E00F66764 /* Resources */ = {
			isa = PBXResourcesBuildPhase;
			buildActionMask = 2147483647;
			files = (
			);
			runOnlyForDeploymentPostprocessing = 0;
		};
/* End PBXResourcesBuildPhase section */

/* Begin PBXSourcesBuildPhase section */
		151493B42186039C00F66764 /* Sources */ = {
			isa = PBXSourcesBuildPhase;
			buildActionMask = 2147483647;
			files = (
				151493EC21860B7100F66764 /* ViewController.swift in Sources */,
				151493BC2186039C00F66764 /* AppDelegate.swift in Sources */,
				151493EA2186055700F66764 /* TableViewController.swift in Sources */,
			);
			runOnlyForDeploymentPostprocessing = 0;
		};
		151493C82186039E00F66764 /* Sources */ = {
			isa = PBXSourcesBuildPhase;
			buildActionMask = 2147483647;
			files = (
			);
			runOnlyForDeploymentPostprocessing = 0;
		};
		151493D32186039E00F66764 /* Sources */ = {
			isa = PBXSourcesBuildPhase;
			buildActionMask = 2147483647;
			files = (
			);
			runOnlyForDeploymentPostprocessing = 0;
		};
/* End PBXSourcesBuildPhase section */

/* Begin PBXTargetDependency section */
		151493CE2186039E00F66764 /* PBXTargetDependency */ = {
			isa = PBXTargetDependency;
			target = 151493B72186039C00F66764 /* UINavigationController */;
			targetProxy = 151493CD2186039E00F66764 /* PBXContainerItemProxy */;
		};
		151493D92186039E00F66764 /* PBXTargetDependency */ = {
			isa = PBXTargetDependency;
			target = 151493B72186039C00F66764 /* UINavigationController */;
			targetProxy = 151493D82186039E00F66764 /* PBXContainerItemProxy */;
		};
/* End PBXTargetDependency section */

/* Begin PBXVariantGroup section */
		151493BF2186039C00F66764 /* Main.storyboard */ = {
			isa = PBXVariantGroup;
			children = (
				151493C02186039C00F66764 /* Base */,
			);
			name = Main.storyboard;
			sourceTree = "<group>";
		};
		151493C42186039E00F66764 /* LaunchScreen.storyboard */ = {
			isa = PBXVariantGroup;
			children = (
				151493C52186039E00F66764 /* Base */,
			);
			name = LaunchScreen.storyboard;
			sourceTree = "<group>";
		};
/* End PBXVariantGroup section */

/* Begin XCBuildConfiguration section */
		151493DE2186039E00F66764 /* Debug */ = {
			isa = XCBuildConfiguration;
			buildSettings = {
				ALWAYS_SEARCH_USER_PATHS = NO;
				CLANG_ANALYZER_NONNULL = YES;
				CLANG_ANALYZER_NUMBER_OBJECT_CONVERSION = YES_AGGRESSIVE;
				CLANG_CXX_LANGUAGE_STANDARD = "gnu++14";
				CLANG_CXX_LIBRARY = "libc++";
				CLANG_ENABLE_MODULES = YES;
				CLANG_ENABLE_OBJC_ARC = YES;
				CLANG_ENABLE_OBJC_WEAK = YES;
				CLANG_WARN_BLOCK_CAPTURE_AUTORELEASING = YES;
				CLANG_WARN_BOOL_CONVERSION = YES;
				CLANG_WARN_COMMA = YES;
				CLANG_WARN_CONSTANT_CONVERSION = YES;
				CLANG_WARN_DEPRECATED_OBJC_IMPLEMENTATIONS = YES;
				CLANG_WARN_DIRECT_OBJC_ISA_USAGE = YES_ERROR;
				CLANG_WARN_DOCUMENTATION_COMMENTS = YES;
				CLANG_WARN_EMPTY_BODY = YES;
				CLANG_WARN_ENUM_CONVERSION = YES;
				CLANG_WARN_INFINITE_RECURSION = YES;
				CLANG_WARN_INT_CONVERSION = YES;
				CLANG_WARN_NON_LITERAL_NULL_CONVERSION = YES;
				CLANG_WARN_OBJC_IMPLICIT_RETAIN_SELF = YES;
				CLANG_WARN_OBJC_LITERAL_CONVERSION = YES;
				CLANG_WARN_OBJC_ROOT_CLASS = YES_ERROR;
				CLANG_WARN_RANGE_LOOP_ANALYSIS = YES;
				CLANG_WARN_STRICT_PROTOTYPES = YES;
				CLANG_WARN_SUSPICIOUS_MOVE = YES;
				CLANG_WARN_UNGUARDED_AVAILABILITY = YES_AGGRESSIVE;
				CLANG_WARN_UNREACHABLE_CODE = YES;
				CLANG_WARN__DUPLICATE_METHOD_MATCH = YES;
				CODE_SIGN_IDENTITY = "iPhone Developer";
				COPY_PHASE_STRIP = NO;
				DEBUG_INFORMATION_FORMAT = dwarf;
				ENABLE_STRICT_OBJC_MSGSEND = YES;
				ENABLE_TESTABILITY = YES;
				GCC_C_LANGUAGE_STANDARD = gnu11;
				GCC_DYNAMIC_NO_PIC = NO;
				GCC_NO_COMMON_BLOCKS = YES;
				GCC_OPTIMIZATION_LEVEL = 0;
				GCC_PREPROCESSOR_DEFINITIONS = (
					"DEBUG=1",
					"$(inherited)",
				);
				GCC_WARN_64_TO_32_BIT_CONVERSION = YES;
				GCC_WARN_ABOUT_RETURN_TYPE = YES_ERROR;
				GCC_WARN_UNDECLARED_SELECTOR = YES;
				GCC_WARN_UNINITIALIZED_AUTOS = YES_AGGRESSIVE;
				GCC_WARN_UNUSED_FUNCTION = YES;
				GCC_WARN_UNUSED_VARIABLE = YES;
				IPHONEOS_DEPLOYMENT_TARGET = 12.0;
				MTL_ENABLE_DEBUG_INFO = INCLUDE_SOURCE;
				MTL_FAST_MATH = YES;
				ONLY_ACTIVE_ARCH = YES;
				SDKROOT = iphoneos;
				SWIFT_ACTIVE_COMPILATION_CONDITIONS = DEBUG;
				SWIFT_OPTIMIZATION_LEVEL = "-Onone";
			};
			name = Debug;
		};
		151493DF2186039E00F66764 /* Release */ = {
			isa = XCBuildConfiguration;
			buildSettings = {
				ALWAYS_SEARCH_USER_PATHS = NO;
				CLANG_ANALYZER_NONNULL = YES;
				CLANG_ANALYZER_NUMBER_OBJECT_CONVERSION = YES_AGGRESSIVE;
				CLANG_CXX_LANGUAGE_STANDARD = "gnu++14";
				CLANG_CXX_LIBRARY = "libc++";
				CLANG_ENABLE_MODULES = YES;
				CLANG_ENABLE_OBJC_ARC = YES;
				CLANG_ENABLE_OBJC_WEAK = YES;
				CLANG_WARN_BLOCK_CAPTURE_AUTORELEASING = YES;
				CLANG_WARN_BOOL_CONVERSION = YES;
				CLANG_WARN_COMMA = YES;
				CLANG_WARN_CONSTANT_CONVERSION = YES;
				CLANG_WARN_DEPRECATED_OBJC_IMPLEMENTATIONS = YES;
				CLANG_WARN_DIRECT_OBJC_ISA_USAGE = YES_ERROR;
				CLANG_WARN_DOCUMENTATION_COMMENTS = YES;
				CLANG_WARN_EMPTY_BODY = YES;
				CLANG_WARN_ENUM_CONVERSION = YES;
				CLANG_WARN_INFINITE_RECURSION = YES;
				CLANG_WARN_INT_CONVERSION = YES;
				CLANG_WARN_NON_LITERAL_NULL_CONVERSION = YES;
				CLANG_WARN_OBJC_IMPLICIT_RETAIN_SELF = YES;
				CLANG_WARN_OBJC_LITERAL_CONVERSION = YES;
				CLANG_WARN_OBJC_ROOT_CLASS = YES_ERROR;
				CLANG_WARN_RANGE_LOOP_ANALYSIS = YES;
				CLANG_WARN_STRICT_PROTOTYPES = YES;
				CLANG_WARN_SUSPICIOUS_MOVE = YES;
				CLANG_WARN_UNGUARDED_AVAILABILITY = YES_AGGRESSIVE;
				CLANG_WARN_UNREACHABLE_CODE = YES;
				CLANG_WARN__DUPLICATE_METHOD_MATCH = YES;
				CODE_SIGN_IDENTITY = "iPhone Developer";
				COPY_PHASE_STRIP = NO;
				DEBUG_INFORMATION_FORMAT = "dwarf-with-dsym";
				ENABLE_NS_ASSERTIONS = NO;
				ENABLE_STRICT_OBJC_MSGSEND = YES;
				GCC_C_LANGUAGE_STANDARD = gnu11;
				GCC_NO_COMMON_BLOCKS = YES;
				GCC_WARN_64_TO_32_BIT_CONVERSION = YES;
				GCC_WARN_ABOUT_RETURN_TYPE = YES_ERROR;
				GCC_WARN_UNDECLARED_SELECTOR = YES;
				GCC_WARN_UNINITIALIZED_AUTOS = YES_AGGRESSIVE;
				GCC_WARN_UNUSED_FUNCTION = YES;
				GCC_WARN_UNUSED_VARIABLE = YES;
				IPHONEOS_DEPLOYMENT_TARGET = 12.0;
				MTL_ENABLE_DEBUG_INFO = NO;
				MTL_FAST_MATH = YES;
				SDKROOT = iphoneos;
				SWIFT_COMPILATION_MODE = wholemodule;
				SWIFT_OPTIMIZATION_LEVEL = "-O";
				VALIDATE_PRODUCT = YES;
			};
			name = Release;
		};
		151493E12186039E00F66764 /* Debug */ = {
			isa = XCBuildConfiguration;
			buildSettings = {
				ASSETCATALOG_COMPILER_APPICON_NAME = AppIcon;
				CODE_SIGN_STYLE = Automatic;
				DEVELOPMENT_TEAM = A37HB6598M;
				INFOPLIST_FILE = UINavigationController/Info.plist;
				LD_RUNPATH_SEARCH_PATHS = (
					"$(inherited)",
					"@executable_path/Frameworks",
				);
				PRODUCT_BUNDLE_IDENTIFIER = com.decnt.UINavigationController;
				PRODUCT_NAME = "$(TARGET_NAME)";
				SWIFT_VERSION = 4.2;
				TARGETED_DEVICE_FAMILY = "1,2";
			};
			name = Debug;
		};
		151493E22186039E00F66764 /* Release */ = {
			isa = XCBuildConfiguration;
			buildSettings = {
				ASSETCATALOG_COMPILER_APPICON_NAME = AppIcon;
				CODE_SIGN_STYLE = Automatic;
				DEVELOPMENT_TEAM = A37HB6598M;
				INFOPLIST_FILE = UINavigationController/Info.plist;
				LD_RUNPATH_SEARCH_PATHS = (
					"$(inherited)",
					"@executable_path/Frameworks",
				);
				PRODUCT_BUNDLE_IDENTIFIER = com.decnt.UINavigationController;
				PRODUCT_NAME = "$(TARGET_NAME)";
				SWIFT_VERSION = 4.2;
				TARGETED_DEVICE_FAMILY = "1,2";
			};
			name = Release;
		};
		151493E42186039E00F66764 /* Debug */ = {
			isa = XCBuildConfiguration;
			buildSettings = {
				ALWAYS_EMBED_SWIFT_STANDARD_LIBRARIES = YES;
				BUNDLE_LOADER = "$(TEST_HOST)";
				CODE_SIGN_STYLE = Automatic;
				DEVELOPMENT_TEAM = A37HB6598M;
				INFOPLIST_FILE = UINavigationControllerTests/Info.plist;
				LD_RUNPATH_SEARCH_PATHS = (
					"$(inherited)",
					"@executable_path/Frameworks",
					"@loader_path/Frameworks",
				);
				PRODUCT_BUNDLE_IDENTIFIER = com.decnt.UINavigationControllerTests;
				PRODUCT_NAME = "$(TARGET_NAME)";
				SWIFT_VERSION = 4.2;
				TARGETED_DEVICE_FAMILY = "1,2";
				TEST_HOST = "$(BUILT_PRODUCTS_DIR)/UINavigationController.app/UINavigationController";
			};
			name = Debug;
		};
		151493E52186039E00F66764 /* Release */ = {
			isa = XCBuildConfiguration;
			buildSettings = {
				ALWAYS_EMBED_SWIFT_STANDARD_LIBRARIES = YES;
				BUNDLE_LOADER = "$(TEST_HOST)";
				CODE_SIGN_STYLE = Automatic;
				DEVELOPMENT_TEAM = A37HB6598M;
				INFOPLIST_FILE = UINavigationControllerTests/Info.plist;
				LD_RUNPATH_SEARCH_PATHS = (
					"$(inherited)",
					"@executable_path/Frameworks",
					"@loader_path/Frameworks",
				);
				PRODUCT_BUNDLE_IDENTIFIER = com.decnt.UINavigationControllerTests;
				PRODUCT_NAME = "$(TARGET_NAME)";
				SWIFT_VERSION = 4.2;
				TARGETED_DEVICE_FAMILY = "1,2";
				TEST_HOST = "$(BUILT_PRODUCTS_DIR)/UINavigationController.app/UINavigationController";
			};
			name = Release;
		};
		151493E72186039E00F66764 /* Debug */ = {
			isa = XCBuildConfiguration;
			buildSettings = {
				ALWAYS_EMBED_SWIFT_STANDARD_LIBRARIES = YES;
				CODE_SIGN_STYLE = Automatic;
				DEVELOPMENT_TEAM = A37HB6598M;
				INFOPLIST_FILE = UINavigationControllerUITests/Info.plist;
				LD_RUNPATH_SEARCH_PATHS = (
					"$(inherited)",
					"@executable_path/Frameworks",
					"@loader_path/Frameworks",
				);
				PRODUCT_BUNDLE_IDENTIFIER = com.decnt.UINavigationControllerUITests;
				PRODUCT_NAME = "$(TARGET_NAME)";
				SWIFT_VERSION = 4.2;
				TARGETED_DEVICE_FAMILY = "1,2";
				TEST_TARGET_NAME = UINavigationController;
			};
			name = Debug;
		};
		151493E82186039E00F66764 /* Release */ = {
			isa = XCBuildConfiguration;
			buildSettings = {
				ALWAYS_EMBED_SWIFT_STANDARD_LIBRARIES = YES;
				CODE_SIGN_STYLE = Automatic;
				DEVELOPMENT_TEAM = A37HB6598M;
				INFOPLIST_FILE = UINavigationControllerUITests/Info.plist;
				LD_RUNPATH_SEARCH_PATHS = (
					"$(inherited)",
					"@executable_path/Frameworks",
					"@loader_path/Frameworks",
				);
				PRODUCT_BUNDLE_IDENTIFIER = com.decnt.UINavigationControllerUITests;
				PRODUCT_NAME = "$(TARGET_NAME)";
				SWIFT_VERSION = 4.2;
				TARGETED_DEVICE_FAMILY = "1,2";
				TEST_TARGET_NAME = UINavigationController;
			};
			name = Release;
		};
/* End XCBuildConfiguration section */

/* Begin XCConfigurationList section */
		151493B32186039C00F66764 /* Build configuration list for PBXProject "UINavigationController" */ = {
			isa = XCConfigurationList;
			buildConfigurations = (
				151493DE2186039E00F66764 /* Debug */,
				151493DF2186039E00F66764 /* Release */,
			);
			defaultConfigurationIsVisible = 0;
			defaultConfigurationName = Release;
		};
		151493E02186039E00F66764 /* Build configuration list for PBXNativeTarget "UINavigationController" */ = {
			isa = XCConfigurationList;
			buildConfigurations = (
				151493E12186039E00F66764 /* Debug */,
				151493E22186039E00F66764 /* Release */,
			);
			defaultConfigurationIsVisible = 0;
			defaultConfigurationName = Release;
		};
		151493E32186039E00F66764 /* Build configuration list for PBXNativeTarget "UINavigationControllerTests" */ = {
			isa = XCConfigurationList;
			buildConfigurations = (
				151493E42186039E00F66764 /* Debug */,
				151493E52186039E00F66764 /* Release */,
			);
			defaultConfigurationIsVisible = 0;
			defaultConfigurationName = Release;
		};
		151493E62186039E00F66764 /* Build configuration list for PBXNativeTarget "UINavigationControllerUITests" */ = {
			isa = XCConfigurationList;
			buildConfigurations = (
				151493E72186039E00F66764 /* Debug */,
				151493E82186039E00F66764 /* Release */,
			);
			defaultConfigurationIsVisible = 0;
			defaultConfigurationName = Release;
		};
/* End XCConfigurationList section */
	};
	rootObject = 151493B02186039C00F66764 /* Project object */;
}
